
Microsoft Visual Studio Solution File, Format Version 12.00
# Visual Studio Version 16
VisualStudioVersion = 16.0.29609.76
MinimumVisualStudioVersion = 10.0.40219.1
Project("{FAE04EC0-301F-11D3-BF4B-00C04F79EFBC}") = "projekt_bazy", "projekt_bazy\projekt_bazy.csproj", "{381D2583-4289-4AEB-8CD2-530D9BB66AD5}"
EndProject
Project("{FAE04EC0-301F-11D3-BF4B-00C04F79EFBC}") = "projekt_bazyTests", "projekt_bazyTests\projekt_bazyTests.csproj", "{758D56C5-1BAE-4C95-9161-B761AF0A7FA9}"
EndProject
Global
	GlobalSection(SolutionConfigurationPlatforms) = preSolution
		Debug|Any CPU = Debug|Any CPU
		Release|Any CPU = Release|Any CPU
	EndGlobalSection
	GlobalSection(ProjectConfigurationPlatforms) = postSolution
		{381D2583-4289-4AEB-8CD2-530D9BB66AD5}.Debug|Any CPU.ActiveCfg = Debug|Any CPU
		{381D2583-4289-4AEB-8CD2-530D9BB66AD5}.Debug|Any CPU.Build.0 = Debug|Any CPU
		{381D2583-4289-4AEB-8CD2-530D9BB66AD5}.Release|Any CPU.ActiveCfg = Release|Any CPU
		{381D2583-4289-4AEB-8CD2-530D9BB66AD5}.Release|Any CPU.Build.0 = Release|Any CPU
		{758D56C5-1BAE-4C95-9161-B761AF0A7FA9}.Debug|Any CPU.ActiveCfg = Debug|Any CPU
		{758D56C5-1BAE-4C95-9161-B761AF0A7FA9}.Debug|Any CPU.Build.0 = Debug|Any CPU
		{758D56C5-1BAE-4C95-9161-B761AF0A7FA9}.Release|Any CPU.ActiveCfg = Release|Any CPU
		{758D56C5-1BAE-4C95-9161-B761AF0A7FA9}.Release|Any CPU.Build.0 = Release|Any CPU
	EndGlobalSection
	GlobalSection(SolutionProperties) = preSolution
		HideSolutionNode = FALSE
	EndGlobalSection
	GlobalSection(ExtensibilityGlobals) = postSolution
		SolutionGuid = {4EC187A7-40EC-493B-8963-8B2A680A457F}
	EndGlobalSection
EndGlobal
